imports:
- files: 51
  pack: rfp-guest-isolation
  sha256: e23fbd799c492448219694ad8b4ae33ebe0571b16b4b598a4418bf90e8599c22
  source: embedded
  version: v1
members:
- commit: fb11e740185ef27e870b361c414f1e4aee9a11cd
  name: hono-compute-provider
  ref: fb11e74
  url: https://github.com/publicdomainrelay/hono-compute-provider
