imports:
- files: 47
  pack: rfp-guest-isolation
  sha256: 2e6c75e31d6341c9a180d47c627ee62a8e5942c15a2074c9818cbbadace6540b
  source: embedded
  version: v2
members:
- commit: fb11e740185ef27e870b361c414f1e4aee9a11cd
  name: hono-compute-provider
  ref: fb11e74
  url: https://github.com/publicdomainrelay/hono-compute-provider
