imports:
- files: 49
  pack: rfp-guest-isolation
  sha256: 060b049cfd202ad83944dbb8e828e78c1d7ec6b8bcdd4d9263205bb00ea1bf5a
  source: embedded
  version: v2
members:
- commit: fb11e740185ef27e870b361c414f1e4aee9a11cd
  name: hono-compute-provider
  ref: fb11e74
  url: https://github.com/publicdomainrelay/hono-compute-provider
